
Microsoft Visual Studio Solution File, Format Version 12.00
# Visual Studio Version 16
VisualStudioVersion = 16.0.29519.181
MinimumVisualStudioVersion = 10.0.40219.1
Project("{FAE04EC0-301F-11D3-BF4B-00C04F79EFBC}") = "Lab1_AbstractFactory_Singleton", "Lab1_AbstractFactory_Singleton\Lab1_AbstractFactory_Singleton.csproj", "{129E0201-DE37-47A2-B32D-DF929DC25C39}"
EndProject
Project("{FAE04EC0-301F-11D3-BF4B-00C04F79EFBC}") = "Lab2_Builder", "Lab2_Builder\Lab2_Builder.csproj", "{2E140A2A-6325-4F88-B8D1-84BFE77920E0}"
EndProject
Global
	GlobalSection(SolutionConfigurationPlatforms) = preSolution
		Debug|Any CPU = Debug|Any CPU
		Release|Any CPU = Release|Any CPU
	EndGlobalSection
	GlobalSection(ProjectConfigurationPlatforms) = postSolution
		{129E0201-DE37-47A2-B32D-DF929DC25C39}.Debug|Any CPU.ActiveCfg = Debug|Any CPU
		{129E0201-DE37-47A2-B32D-DF929DC25C39}.Debug|Any CPU.Build.0 = Debug|Any CPU
		{129E0201-DE37-47A2-B32D-DF929DC25C39}.Release|Any CPU.ActiveCfg = Release|Any CPU
		{129E0201-DE37-47A2-B32D-DF929DC25C39}.Release|Any CPU.Build.0 = Release|Any CPU
		{2E140A2A-6325-4F88-B8D1-84BFE77920E0}.Debug|Any CPU.ActiveCfg = Debug|Any CPU
		{2E140A2A-6325-4F88-B8D1-84BFE77920E0}.Debug|Any CPU.Build.0 = Debug|Any CPU
		{2E140A2A-6325-4F88-B8D1-84BFE77920E0}.Release|Any CPU.ActiveCfg = Release|Any CPU
		{2E140A2A-6325-4F88-B8D1-84BFE77920E0}.Release|Any CPU.Build.0 = Release|Any CPU
	EndGlobalSection
	GlobalSection(SolutionProperties) = preSolution
		HideSolutionNode = FALSE
	EndGlobalSection
	GlobalSection(ExtensibilityGlobals) = postSolution
		SolutionGuid = {4472AEFA-9631-4C36-8D6A-543D4F974DC8}
	EndGlobalSection
EndGlobal
